
Microsoft Visual Studio Solution File, Format Version 12.00
# Visual Studio Version 17
VisualStudioVersion = 17.4.33213.308
MinimumVisualStudioVersion = 10.0.40219.1
Project("{FAE04EC0-301F-11D3-BF4B-00C04F79EFBC}") = "WpfApp1", "WpfApp1\WpfApp1.csproj", "{A7D78304-4CC0-4C76-B04F-1B6A59AAAF1C}"
EndProject
Global
	GlobalSection(SolutionConfigurationPlatforms) = preSolution
		Debug|Any CPU = Debug|Any CPU
		Release|Any CPU = Release|Any CPU
	EndGlobalSection
	GlobalSection(ProjectConfigurationPlatforms) = postSolution
		{A7D78304-4CC0-4C76-B04F-1B6A59AAAF1C}.Debug|Any CPU.ActiveCfg = Debug|Any CPU
		{A7D78304-4CC0-4C76-B04F-1B6A59AAAF1C}.Debug|Any CPU.Build.0 = Debug|Any CPU
		{A7D78304-4CC0-4C76-B04F-1B6A59AAAF1C}.Release|Any CPU.ActiveCfg = Release|Any CPU
		{A7D78304-4CC0-4C76-B04F-1B6A59AAAF1C}.Release|Any CPU.Build.0 = Release|Any CPU
	EndGlobalSection
	GlobalSection(SolutionProperties) = preSolution
		HideSolutionNode = FALSE
	EndGlobalSection
	GlobalSection(ExtensibilityGlobals) = postSolution
		SolutionGuid = {CF97CD11-4AFB-4D1D-9662-F4C49C9B5E9D}
	EndGlobalSection
EndGlobal
